
Microsoft Visual Studio Solution File, Format Version 12.00
Project("{FAE04EC0-301F-11D3-BF4B-00C04F79EFBC}") = "ConsoleApplication", "ConsoleApplication\ConsoleApplication.csproj", "{747DA506-DC74-4EE3-B680-1B0FA494434F}"
EndProject
Global
	GlobalSection(SolutionConfigurationPlatforms) = preSolution
		Debug|Any CPU = Debug|Any CPU
		Release|Any CPU = Release|Any CPU
	EndGlobalSection
	GlobalSection(ProjectConfigurationPlatforms) = postSolution
		{747DA506-DC74-4EE3-B680-1B0FA494434F}.Debug|Any CPU.ActiveCfg = Debug|Any CPU
		{747DA506-DC74-4EE3-B680-1B0FA494434F}.Debug|Any CPU.Build.0 = Debug|Any CPU
		{747DA506-DC74-4EE3-B680-1B0FA494434F}.Release|Any CPU.ActiveCfg = Release|Any CPU
		{747DA506-DC74-4EE3-B680-1B0FA494434F}.Release|Any CPU.Build.0 = Release|Any CPU
	EndGlobalSection
EndGlobal
